PODS:
  - boost (1.83.0)
  - DoubleConversion (1.1.6)
  - FBLazyVector (0.73.10)
  - FBReactNativeSpec (0.73.10):
    - RCT-Folly (= 2022.05.16.00)
    - RCTRequired (= 0.73.10)
    - RCTTypeSafety (= 0.73.10)
    - React-Core (= 0.73.10)
    - React-jsi (= 0.73.10)
    - ReactCommon/turbomodule/core (= 0.73.10)
  - fmt (9.1.0)
  - glog (0.3.5)
  - libevent (2.1.12.1)
  - RCT-Folly (2022.05.16.00):
    - boost
    - DoubleConversion
    - fmt (= 9.1.0)
    - glog
    - RCT-Folly/Default (= 2022.05.16.00)
  - RCT-Folly/Default (2022.05.16.00):
    - boost
    - DoubleConversion
    - fmt (= 9.1.0)
    - glog
  - RCT-Folly/Fabric (2022.05.16.00):
    - boost
    - DoubleConversion
    - fmt (= 9.1.0)
    - glog
  - RCTRequired (0.73.10)
  - RCTTypeSafety (0.73.10):
    - FBLazyVector (= 0.73.10)
    - RCTRequired (= 0.73.10)
    - React-Core (= 0.73.10)
  - React (0.73.10):
    - React-Core (= 0.73.10)
    - React-Core/DevSupport (= 0.73.10)
    - React-Core/RCTWebSocket (= 0.73.10)
    - React-RCTActionSheet (= 0.73.10)
    - React-RCTAnimation (= 0.73.10)
    - React-RCTBlob (= 0.73.10)
    - React-RCTImage (= 0.73.10)
    - React-RCTLinking (= 0.73.10)
    - React-RCTNetwork (= 0.73.10)
    - React-RCTSettings (= 0.73.10)
    - React-RCTText (= 0.73.10)
    - React-RCTVibration (= 0.73.10)
    - React-RCTWindowManager (= 0.73.10)
    - React-RCTXR (= 0.73.10)
  - React-callinvoker (0.73.10)
  - React-Codegen (0.73.10):
    - DoubleConversion
    - FBReactNativeSpec
    - glog
    - RCT-Folly
    - RCTRequired
    - RCTTypeSafety
    - React-Core
    - React-jsc
    - React-jsi
    - React-jsiexecutor
    - React-NativeModulesApple
    - React-rncore
    - ReactCommon/turbomodule/bridging
    - ReactCommon/turbomodule/core
  - React-Core (0.73.10):
    - glog
    - RCT-Folly (= 2022.05.16.00)
    - React-Core/Default (= 0.73.10)
    - React-cxxreact
    - React-jsc
    - React-jsi
    - React-jsiexecutor
    - React-perflogger
    - React-runtimescheduler
    - React-utils
    - SocketRocket (= 0.7.0.1)
    - Yoga
  - React-Core/CoreModulesHeaders (0.73.10):
    - glog
    - RCT-Folly (= 2022.05.16.00)
    - React-Core/Default
    - React-cxxreact
    - React-jsc
    - React-jsi
    - React-jsiexecutor
    - React-perflogger
    - React-runtimescheduler
    - React-utils
    - SocketRocket (= 0.7.0.1)
    - Yoga
  - React-Core/Default (0.73.10):
    - glog
    - RCT-Folly (= 2022.05.16.00)
    - React-cxxreact
    - React-jsc
    - React-jsi
    - React-jsiexecutor
    - React-perflogger
    - React-runtimescheduler
    - React-utils
    - SocketRocket (= 0.7.0.1)
    - Yoga
  - React-Core/DevSupport (0.73.10):
    - glog
    - RCT-Folly (= 2022.05.16.00)
    - React-Core/Default (= 0.73.10)
    - React-Core/RCTWebSocket (= 0.73.10)
    - React-cxxreact
    - React-jsc
    - React-jsi
    - React-jsiexecutor
    - React-jsinspector (= 0.73.10)
    - React-perflogger
    - React-runtimescheduler
    - React-utils
    - SocketRocket (= 0.7.0.1)
    - Yoga
  - React-Core/RCTActionSheetHeaders (0.73.10):
    - glog
    - RCT-Folly (= 2022.05.16.00)
    - React-Core/Default
    - React-cxxreact
    - React-jsc
    - React-jsi
    - React-jsiexecutor
    - React-perflogger
    - React-runtimescheduler
    - React-utils
    - SocketRocket (= 0.7.0.1)
    - Yoga
  - React-Core/RCTAnimationHeaders (0.73.10):
    - glog
    - RCT-Folly (= 2022.05.16.00)
    - React-Core/Default
    - React-cxxreact
    - React-jsc
    - React-jsi
    - React-jsiexecutor
    - React-perflogger
    - React-runtimescheduler
    - React-utils
    - SocketRocket (= 0.7.0.1)
    - Yoga
  - React-Core/RCTBlobHeaders (0.73.10):
    - glog
    - RCT-Folly (= 2022.05.16.00)
    - React-Core/Default
    - React-cxxreact
    - React-jsc
    - React-jsi
    - React-jsiexecutor
    - React-perflogger
    - React-runtimescheduler
    - React-utils
    - SocketRocket (= 0.7.0.1)
    - Yoga
  - React-Core/RCTImageHeaders (0.73.10):
    - glog
    - RCT-Folly (= 2022.05.16.00)
    - React-Core/Default
    - React-cxxreact
    - React-jsc
    - React-jsi
    - React-jsiexecutor
    - React-perflogger
    - React-runtimescheduler
    - React-utils
    - SocketRocket (= 0.7.0.1)
    - Yoga
  - React-Core/RCTLinkingHeaders (0.73.10):
    - glog
    - RCT-Folly (= 2022.05.16.00)
    - React-Core/Default
    - React-cxxreact
    - React-jsc
    - React-jsi
    - React-jsiexecutor
    - React-perflogger
    - React-runtimescheduler
    - React-utils
    - SocketRocket (= 0.7.0.1)
    - Yoga
  - React-Core/RCTNetworkHeaders (0.73.10):
    - glog
    - RCT-Folly (= 2022.05.16.00)
    - React-Core/Default
    - React-cxxreact
    - React-jsc
    - React-jsi
    - React-jsiexecutor
    - React-perflogger
    - React-runtimescheduler
    - React-utils
    - SocketRocket (= 0.7.0.1)
    - Yoga
  - React-Core/RCTSettingsHeaders (0.73.10):
    - glog
    - RCT-Folly (= 2022.05.16.00)
    - React-Core/Default
    - React-cxxreact
    - React-jsc
    - React-jsi
    - React-jsiexecutor
    - React-perflogger
    - React-runtimescheduler
    - React-utils
    - SocketRocket (= 0.7.0.1)
    - Yoga
  - React-Core/RCTTextHeaders (0.73.10):
    - glog
    - RCT-Folly (= 2022.05.16.00)
    - React-Core/Default
    - React-cxxreact
    - React-jsc
    - React-jsi
    - React-jsiexecutor
    - React-perflogger
    - React-runtimescheduler
    - React-utils
    - SocketRocket (= 0.7.0.1)
    - Yoga
  - React-Core/RCTVibrationHeaders (0.73.10):
    - glog
    - RCT-Folly (= 2022.05.16.00)
    - React-Core/Default
    - React-cxxreact
    - React-jsc
    - React-jsi
    - React-jsiexecutor
    - React-perflogger
    - React-runtimescheduler
    - React-utils
    - SocketRocket (= 0.7.0.1)
    - Yoga
  - React-Core/RCTWebSocket (0.73.10):
    - glog
    - RCT-Folly (= 2022.05.16.00)
    - React-Core/Default (= 0.73.10)
    - React-cxxreact
    - React-jsc
    - React-jsi
    - React-jsiexecutor
    - React-perflogger
    - React-runtimescheduler
    - React-utils
    - SocketRocket (= 0.7.0.1)
    - Yoga
  - React-Core/RCTWindowManagerHeaders (0.73.10):
    - glog
    - RCT-Folly (= 2022.05.16.00)
    - React-Core/Default
    - React-cxxreact
    - React-jsc
    - React-jsi
    - React-jsiexecutor
    - React-perflogger
    - React-runtimescheduler
    - React-utils
    - SocketRocket (= 0.7.0.1)
    - Yoga
  - React-Core/RCTXRHeaders (0.73.10):
    - glog
    - RCT-Folly (= 2022.05.16.00)
    - React-Core/Default
    - React-cxxreact
    - React-jsc
    - React-jsi
    - React-jsiexecutor
    - React-perflogger
    - React-runtimescheduler
    - React-utils
    - SocketRocket (= 0.7.0.1)
    - Yoga
  - React-CoreModules (0.73.10):
    - RCT-Folly (= 2022.05.16.00)
    - RCTTypeSafety (= 0.73.10)
    - React-Codegen
    - React-Core/CoreModulesHeaders (= 0.73.10)
    - React-jsi (= 0.73.10)
    - React-NativeModulesApple
    - React-RCTBlob
    - React-RCTImage (= 0.73.10)
    - ReactCommon
    - SocketRocket (= 0.7.0.1)
  - React-cxxreact (0.73.10):
    - boost (= 1.83.0)
    - DoubleConversion
    - fmt (= 9.1.0)
    - glog
    - RCT-Folly (= 2022.05.16.00)
    - React-callinvoker (= 0.73.10)
    - React-debug (= 0.73.10)
    - React-jsi (= 0.73.10)
    - React-jsinspector (= 0.73.10)
    - React-logger (= 0.73.10)
    - React-perflogger (= 0.73.10)
    - React-runtimeexecutor (= 0.73.10)
  - React-debug (0.73.10)
  - React-Fabric (0.73.10):
    - DoubleConversion
    - fmt (= 9.1.0)
    - glog
    - RCT-Folly/Fabric (= 2022.05.16.00)
    - RCTRequired
    - RCTTypeSafety
    - React-Core
    - React-cxxreact
    - React-debug
    - React-Fabric/animations (= 0.73.10)
    - React-Fabric/attributedstring (= 0.73.10)
    - React-Fabric/componentregistry (= 0.73.10)
    - React-Fabric/componentregistrynative (= 0.73.10)
    - React-Fabric/components (= 0.73.10)
    - React-Fabric/core (= 0.73.10)
    - React-Fabric/imagemanager (= 0.73.10)
    - React-Fabric/leakchecker (= 0.73.10)
    - React-Fabric/mounting (= 0.73.10)
    - React-Fabric/scheduler (= 0.73.10)
    - React-Fabric/telemetry (= 0.73.10)
    - React-Fabric/templateprocessor (= 0.73.10)
    - React-Fabric/textlayoutmanager (= 0.73.10)
    - React-Fabric/uimanager (= 0.73.10)
    - React-graphics
    - React-jsc
    - React-jsi
    - React-jsiexecutor
    - React-logger
    - React-rendererdebug
    - React-runtimescheduler
    - React-utils
    - ReactCommon/turbomodule/core
  - React-Fabric/animations (0.73.10):
    - DoubleConversion
    - fmt (= 9.1.0)
    - glog
    - RCT-Folly/Fabric (= 2022.05.16.00)
    - RCTRequired
    - RCTTypeSafety
    - React-Core
    - React-cxxreact
    - React-debug
    - React-graphics
    - React-jsc
    - React-jsi
    - React-jsiexecutor
    - React-logger
    - React-rendererdebug
    - React-runtimescheduler
    - React-utils
    - ReactCommon/turbomodule/core
  - React-Fabric/attributedstring (0.73.10):
    - DoubleConversion
    - fmt (= 9.1.0)
    - glog
    - RCT-Folly/Fabric (= 2022.05.16.00)
    - RCTRequired
    - RCTTypeSafety
    - React-Core
    - React-cxxreact
    - React-debug
    - React-graphics
    - React-jsc
    - React-jsi
    - React-jsiexecutor
    - React-logger
    - React-rendererdebug
    - React-runtimescheduler
    - React-utils
    - ReactCommon/turbomodule/core
  - React-Fabric/componentregistry (0.73.10):
    - DoubleConversion
    - fmt (= 9.1.0)
    - glog
    - RCT-Folly/Fabric (= 2022.05.16.00)
    - RCTRequired
    - RCTTypeSafety
    - React-Core
    - React-cxxreact
    - React-debug
    - React-graphics
    - React-jsc
    - React-jsi
    - React-jsiexecutor
    - React-logger
    - React-rendererdebug
    - React-runtimescheduler
    - React-utils
    - ReactCommon/turbomodule/core
  - React-Fabric/componentregistrynative (0.73.10):
    - DoubleConversion
    - fmt (= 9.1.0)
    - glog
    - RCT-Folly/Fabric (= 2022.05.16.00)
    - RCTRequired
    - RCTTypeSafety
    - React-Core
    - React-cxxreact
    - React-debug
    - React-graphics
    - React-jsc
    - React-jsi
    - React-jsiexecutor
    - React-logger
    - React-rendererdebug
    - React-runtimescheduler
    - React-utils
    - ReactCommon/turbomodule/core
  - React-Fabric/components (0.73.10):
    - DoubleConversion
    - fmt (= 9.1.0)
    - glog
    - RCT-Folly/Fabric (= 2022.05.16.00)
    - RCTRequired
    - RCTTypeSafety
    - React-Core
    - React-cxxreact
    - React-debug
    - React-Fabric/components/inputaccessory (= 0.73.10)
    - React-Fabric/components/legacyviewmanagerinterop (= 0.73.10)
    - React-Fabric/components/modal (= 0.73.10)
    - React-Fabric/components/rncore (= 0.73.10)
    - React-Fabric/components/root (= 0.73.10)
    - React-Fabric/components/safeareaview (= 0.73.10)
    - React-Fabric/components/scrollview (= 0.73.10)
    - React-Fabric/components/text (= 0.73.10)
    - React-Fabric/components/textinput (= 0.73.10)
    - React-Fabric/components/unimplementedview (= 0.73.10)
    - React-Fabric/components/view (= 0.73.10)
    - React-graphics
    - React-jsc
    - React-jsi
    - React-jsiexecutor
    - React-logger
    - React-rendererdebug
    - React-runtimescheduler
    - React-utils
    - ReactCommon/turbomodule/core
  - React-Fabric/components/inputaccessory (0.73.10):
    - DoubleConversion
    - fmt (= 9.1.0)
    - glog
    - RCT-Folly/Fabric (= 2022.05.16.00)
    - RCTRequired
    - RCTTypeSafety
    - React-Core
    - React-cxxreact
    - React-debug
    - React-graphics
    - React-jsc
    - React-jsi
    - React-jsiexecutor
    - React-logger
    - React-rendererdebug
    - React-runtimescheduler
    - React-utils
    - ReactCommon/turbomodule/core
  - React-Fabric/components/legacyviewmanagerinterop (0.73.10):
    - DoubleConversion
    - fmt (= 9.1.0)
    - glog
    - RCT-Folly/Fabric (= 2022.05.16.00)
    - RCTRequired
    - RCTTypeSafety
    - React-Core
    - React-cxxreact
    - React-debug
    - React-graphics
    - React-jsc
    - React-jsi
    - React-jsiexecutor
    - React-logger
    - React-rendererdebug
    - React-runtimescheduler
    - React-utils
    - ReactCommon/turbomodule/core
  - React-Fabric/components/modal (0.73.10):
    - DoubleConversion
    - fmt (= 9.1.0)
    - glog
    - RCT-Folly/Fabric (= 2022.05.16.00)
    - RCTRequired
    - RCTTypeSafety
    - React-Core
    - React-cxxreact
    - React-debug
    - React-graphics
    - React-jsc
    - React-jsi
    - React-jsiexecutor
    - React-logger
    - React-rendererdebug
    - React-runtimescheduler
    - React-utils
    - ReactCommon/turbomodule/core
  - React-Fabric/components/rncore (0.73.10):
    - DoubleConversion
    - fmt (= 9.1.0)
    - glog
    - RCT-Folly/Fabric (= 2022.05.16.00)
    - RCTRequired
    - RCTTypeSafety
    - React-Core
    - React-cxxreact
    - React-debug
    - React-graphics
    - React-jsc
    - React-jsi
    - React-jsiexecutor
    - React-logger
    - React-rendererdebug
    - React-runtimescheduler
    - React-utils
    - ReactCommon/turbomodule/core
  - React-Fabric/components/root (0.73.10):
    - DoubleConversion
    - fmt (= 9.1.0)
    - glog
    - RCT-Folly/Fabric (= 2022.05.16.00)
    - RCTRequired
    - RCTTypeSafety
    - React-Core
    - React-cxxreact
    - React-debug
    - React-graphics
    - React-jsc
    - React-jsi
    - React-jsiexecutor
    - React-logger
    - React-rendererdebug
    - React-runtimescheduler
    - React-utils
    - ReactCommon/turbomodule/core
  - React-Fabric/components/safeareaview (0.73.10):
    - DoubleConversion
    - fmt (= 9.1.0)
    - glog
    - RCT-Folly/Fabric (= 2022.05.16.00)
    - RCTRequired
    - RCTTypeSafety
    - React-Core
    - React-cxxreact
    - React-debug
    - React-graphics
    - React-jsc
    - React-jsi
    - React-jsiexecutor
    - React-logger
    - React-rendererdebug
    - React-runtimescheduler
    - React-utils
    - ReactCommon/turbomodule/core
  - React-Fabric/components/scrollview (0.73.10):
    - DoubleConversion
    - fmt (= 9.1.0)
    - glog
    - RCT-Folly/Fabric (= 2022.05.16.00)
    - RCTRequired
    - RCTTypeSafety
    - React-Core
    - React-cxxreact
    - React-debug
    - React-graphics
    - React-jsc
    - React-jsi
    - React-jsiexecutor
    - React-logger
    - React-rendererdebug
    - React-runtimescheduler
    - React-utils
    - ReactCommon/turbomodule/core
  - React-Fabric/components/text (0.73.10):
    - DoubleConversion
    - fmt (= 9.1.0)
    - glog
    - RCT-Folly/Fabric (= 2022.05.16.00)
    - RCTRequired
    - RCTTypeSafety
    - React-Core
    - React-cxxreact
    - React-debug
    - React-graphics
    - React-jsc
    - React-jsi
    - React-jsiexecutor
    - React-logger
    - React-rendererdebug
    - React-runtimescheduler
    - React-utils
    - ReactCommon/turbomodule/core
  - React-Fabric/components/textinput (0.73.10):
    - DoubleConversion
    - fmt (= 9.1.0)
    - glog
    - RCT-Folly/Fabric (= 2022.05.16.00)
    - RCTRequired
    - RCTTypeSafety
    - React-Core
    - React-cxxreact
    - React-debug
    - React-graphics
    - React-jsc
    - React-jsi
    - React-jsiexecutor
    - React-logger
    - React-rendererdebug
    - React-runtimescheduler
    - React-utils
    - ReactCommon/turbomodule/core
  - React-Fabric/components/unimplementedview (0.73.10):
    - DoubleConversion
    - fmt (= 9.1.0)
    - glog
    - RCT-Folly/Fabric (= 2022.05.16.00)
    - RCTRequired
    - RCTTypeSafety
    - React-Core
    - React-cxxreact
    - React-debug
    - React-graphics
    - React-jsc
    - React-jsi
    - React-jsiexecutor
    - React-logger
    - React-rendererdebug
    - React-runtimescheduler
    - React-utils
    - ReactCommon/turbomodule/core
  - React-Fabric/components/view (0.73.10):
    - DoubleConversion
    - fmt (= 9.1.0)
    - glog
    - RCT-Folly/Fabric (= 2022.05.16.00)
    - RCTRequired
    - RCTTypeSafety
    - React-Core
    - React-cxxreact
    - React-debug
    - React-graphics
    - React-jsc
    - React-jsi
    - React-jsiexecutor
    - React-logger
    - React-rendererdebug
    - React-runtimescheduler
    - React-utils
    - ReactCommon/turbomodule/core
    - Yoga
  - React-Fabric/core (0.73.10):
    - DoubleConversion
    - fmt (= 9.1.0)
    - glog
    - RCT-Folly/Fabric (= 2022.05.16.00)
    - RCTRequired
    - RCTTypeSafety
    - React-Core
    - React-cxxreact
    - React-debug
    - React-graphics
    - React-jsc
    - React-jsi
    - React-jsiexecutor
    - React-logger
    - React-rendererdebug
    - React-runtimescheduler
    - React-utils
    - ReactCommon/turbomodule/core
  - React-Fabric/imagemanager (0.73.10):
    - DoubleConversion
    - fmt (= 9.1.0)
    - glog
    - RCT-Folly/Fabric (= 2022.05.16.00)
    - RCTRequired
    - RCTTypeSafety
    - React-Core
    - React-cxxreact
    - React-debug
    - React-graphics
    - React-jsc
    - React-jsi
    - React-jsiexecutor
    - React-logger
    - React-rendererdebug
    - React-runtimescheduler
    - React-utils
    - ReactCommon/turbomodule/core
  - React-Fabric/leakchecker (0.73.10):
    - DoubleConversion
    - fmt (= 9.1.0)
    - glog
    - RCT-Folly/Fabric (= 2022.05.16.00)
    - RCTRequired
    - RCTTypeSafety
    - React-Core
    - React-cxxreact
    - React-debug
    - React-graphics
    - React-jsc
    - React-jsi
    - React-jsiexecutor
    - React-logger
    - React-rendererdebug
    - React-runtimescheduler
    - React-utils
    - ReactCommon/turbomodule/core
  - React-Fabric/mounting (0.73.10):
    - DoubleConversion
    - fmt (= 9.1.0)
    - glog
    - RCT-Folly/Fabric (= 2022.05.16.00)
    - RCTRequired
    - RCTTypeSafety
    - React-Core
    - React-cxxreact
    - React-debug
    - React-graphics
    - React-jsc
    - React-jsi
    - React-jsiexecutor
    - React-logger
    - React-rendererdebug
    - React-runtimescheduler
    - React-utils
    - ReactCommon/turbomodule/core
  - React-Fabric/scheduler (0.73.10):
    - DoubleConversion
    - fmt (= 9.1.0)
    - glog
    - RCT-Folly/Fabric (= 2022.05.16.00)
    - RCTRequired
    - RCTTypeSafety
    - React-Core
    - React-cxxreact
    - React-debug
    - React-graphics
    - React-jsc
    - React-jsi
    - React-jsiexecutor
    - React-logger
    - React-rendererdebug
    - React-runtimescheduler
    - React-utils
    - ReactCommon/turbomodule/core
  - React-Fabric/telemetry (0.73.10):
    - DoubleConversion
    - fmt (= 9.1.0)
    - glog
    - RCT-Folly/Fabric (= 2022.05.16.00)
    - RCTRequired
    - RCTTypeSafety
    - React-Core
    - React-cxxreact
    - React-debug
    - React-graphics
    - React-jsc
    - React-jsi
    - React-jsiexecutor
    - React-logger
    - React-rendererdebug
    - React-runtimescheduler
    - React-utils
    - ReactCommon/turbomodule/core
  - React-Fabric/templateprocessor (0.73.10):
    - DoubleConversion
    - fmt (= 9.1.0)
    - glog
    - RCT-Folly/Fabric (= 2022.05.16.00)
    - RCTRequired
    - RCTTypeSafety
    - React-Core
    - React-cxxreact
    - React-debug
    - React-graphics
    - React-jsc
    - React-jsi
    - React-jsiexecutor
    - React-logger
    - React-rendererdebug
    - React-runtimescheduler
    - React-utils
    - ReactCommon/turbomodule/core
  - React-Fabric/textlayoutmanager (0.73.10):
    - DoubleConversion
    - fmt (= 9.1.0)
    - glog
    - RCT-Folly/Fabric (= 2022.05.16.00)
    - RCTRequired
    - RCTTypeSafety
    - React-Core
    - React-cxxreact
    - React-debug
    - React-Fabric/uimanager
    - React-graphics
    - React-jsc
    - React-jsi
    - React-jsiexecutor
    - React-logger
    - React-rendererdebug
    - React-runtimescheduler
    - React-utils
    - ReactCommon/turbomodule/core
  - React-Fabric/uimanager (0.73.10):
    - DoubleConversion
    - fmt (= 9.1.0)
    - glog
    - RCT-Folly/Fabric (= 2022.05.16.00)
    - RCTRequired
    - RCTTypeSafety
    - React-Core
    - React-cxxreact
    - React-debug
    - React-graphics
    - React-jsc
    - React-jsi
    - React-jsiexecutor
    - React-logger
    - React-rendererdebug
    - React-runtimescheduler
    - React-utils
    - ReactCommon/turbomodule/core
  - React-FabricImage (0.73.10):
    - DoubleConversion
    - fmt (= 9.1.0)
    - glog
    - RCT-Folly/Fabric (= 2022.05.16.00)
    - RCTRequired (= 0.73.10)
    - RCTTypeSafety (= 0.73.10)
    - React-Fabric
    - React-graphics
    - React-ImageManager
    - React-jsc
    - React-jsi
    - React-jsiexecutor (= 0.73.10)
    - React-logger
    - React-rendererdebug
    - React-utils
    - ReactCommon
    - Yoga
  - React-graphics (0.73.10):
    - glog
    - RCT-Folly/Fabric (= 2022.05.16.00)
    - React-Core/Default (= 0.73.10)
    - React-utils
  - React-ImageManager (0.73.10):
    - glog
    - RCT-Folly/Fabric
    - React-Core/Default
    - React-debug
    - React-Fabric
    - React-graphics
    - React-rendererdebug
    - React-utils
  - React-jsc (0.73.10):
    - React-jsc/Fabric (= 0.73.10)
    - React-jsi (= 0.73.10)
  - React-jsc/Fabric (0.73.10):
    - React-jsi (= 0.73.10)
  - React-jserrorhandler (0.73.10):
    - RCT-Folly/Fabric (= 2022.05.16.00)
    - React-debug
    - React-jsi
    - React-Mapbuffer
  - React-jsi (0.73.10):
    - boost (= 1.83.0)
    - DoubleConversion
    - fmt (= 9.1.0)
    - glog
    - RCT-Folly (= 2022.05.16.00)
  - React-jsiexecutor (0.73.10):
    - DoubleConversion
    - fmt (= 9.1.0)
    - glog
    - RCT-Folly (= 2022.05.16.00)
    - React-cxxreact (= 0.73.10)
    - React-jsi (= 0.73.10)
    - React-perflogger (= 0.73.10)
  - React-jsinspector (0.73.10)
  - React-logger (0.73.10):
    - glog
  - React-Mapbuffer (0.73.10):
    - glog
    - React-debug
  - react-native-unistyles (2.6.0):
    - glog
    - RCT-Folly (= 2022.05.16.00)
    - React-Core
  - React-nativeconfig (0.73.10)
  - React-NativeModulesApple (0.73.10):
    - glog
    - React-callinvoker
    - React-Core
    - React-cxxreact
    - React-jsc
    - React-jsi
    - React-runtimeexecutor
    - ReactCommon/turbomodule/bridging
    - ReactCommon/turbomodule/core
  - React-perflogger (0.73.10)
  - React-RCTActionSheet (0.73.10):
    - React-Core/RCTActionSheetHeaders (= 0.73.10)
  - React-RCTAnimation (0.73.10):
    - RCT-Folly (= 2022.05.16.00)
    - RCTTypeSafety
    - React-Codegen
    - React-Core/RCTAnimationHeaders
    - React-jsi
    - React-NativeModulesApple
    - ReactCommon
  - React-RCTAppDelegate (0.73.10):
    - RCT-Folly
    - RCTRequired
    - RCTTypeSafety
    - React-Core
    - React-CoreModules
    - React-jsc
    - React-nativeconfig
    - React-NativeModulesApple
    - React-RCTFabric
    - React-RCTImage
    - React-RCTNetwork
    - React-runtimescheduler
    - ReactCommon
  - React-RCTBlob (0.73.10):
    - RCT-Folly (= 2022.05.16.00)
    - React-Codegen
    - React-Core/RCTBlobHeaders
    - React-Core/RCTWebSocket
    - React-jsi
    - React-NativeModulesApple
    - React-RCTNetwork
    - ReactCommon
  - React-RCTFabric (0.73.10):
    - glog
    - RCT-Folly/Fabric (= 2022.05.16.00)
    - React-Core
    - React-debug
    - React-Fabric
    - React-FabricImage
    - React-graphics
    - React-ImageManager
    - React-jsc
    - React-jsi
    - React-nativeconfig
    - React-RCTImage
    - React-RCTText
    - React-rendererdebug
    - React-runtimescheduler
    - React-utils
    - Yoga
  - React-RCTImage (0.73.10):
    - RCT-Folly (= 2022.05.16.00)
    - RCTTypeSafety
    - React-Codegen
    - React-Core/RCTImageHeaders
    - React-jsi
    - React-NativeModulesApple
    - React-RCTNetwork
    - ReactCommon
  - React-RCTLinking (0.73.10):
    - React-Codegen
    - React-Core/RCTLinkingHeaders (= 0.73.10)
    - React-jsi (= 0.73.10)
    - React-NativeModulesApple
    - ReactCommon
    - ReactCommon/turbomodule/core (= 0.73.10)
  - React-RCTNetwork (0.73.10):
    - RCT-Folly (= 2022.05.16.00)
    - RCTTypeSafety
    - React-Codegen
    - React-Core/RCTNetworkHeaders
    - React-jsi
    - React-NativeModulesApple
    - ReactCommon
  - React-RCTSettings (0.73.10):
    - RCT-Folly (= 2022.05.16.00)
    - RCTTypeSafety
    - React-Codegen
    - React-Core/RCTSettingsHeaders
    - React-jsi
    - React-NativeModulesApple
    - ReactCommon
  - React-RCTSwiftExtensions (0.73.10):
    - React-Core
    - React-RCTWindowManager
    - React-RCTXR
  - React-RCTText (0.73.10):
    - React-Core/RCTTextHeaders (= 0.73.10)
    - Yoga
  - React-RCTVibration (0.73.10):
    - RCT-Folly (= 2022.05.16.00)
    - React-Codegen
    - React-Core/RCTVibrationHeaders
    - React-jsi
    - React-NativeModulesApple
    - ReactCommon
  - React-RCTWindowManager (0.73.10):
    - RCT-Folly (= 2022.05.16.00)
    - RCTTypeSafety
    - React-Codegen
    - React-Core/RCTWindowManagerHeaders
    - React-jsi
    - React-NativeModulesApple
    - ReactCommon
  - React-RCTXR (0.73.10):
    - RCT-Folly (= 2022.05.16.00)
    - RCTTypeSafety
    - React-Codegen
    - React-Core/RCTXRHeaders
    - React-jsi
    - React-NativeModulesApple
    - ReactCommon
  - React-rendererdebug (0.73.10):
    - DoubleConversion
    - fmt (= 9.1.0)
    - RCT-Folly (= 2022.05.16.00)
    - React-debug
  - React-rncore (0.73.10)
  - React-runtimeexecutor (0.73.10):
    - React-jsi (= 0.73.10)
  - React-runtimescheduler (0.73.10):
    - glog
    - RCT-Folly (= 2022.05.16.00)
    - React-callinvoker
    - React-cxxreact
    - React-debug
    - React-jsc
    - React-jsi
    - React-rendererdebug
    - React-runtimeexecutor
    - React-utils
  - React-utils (0.73.10):
    - glog
    - RCT-Folly (= 2022.05.16.00)
    - React-debug
  - ReactCommon (0.73.10):
    - React-logger (= 0.73.10)
    - ReactCommon/turbomodule (= 0.73.10)
  - ReactCommon/turbomodule (0.73.10):
    - DoubleConversion
    - fmt (= 9.1.0)
    - glog
    - RCT-Folly (= 2022.05.16.00)
    - React-callinvoker (= 0.73.10)
    - React-cxxreact (= 0.73.10)
    - React-jsi (= 0.73.10)
    - React-logger (= 0.73.10)
    - React-perflogger (= 0.73.10)
    - ReactCommon/turbomodule/bridging (= 0.73.10)
    - ReactCommon/turbomodule/core (= 0.73.10)
  - ReactCommon/turbomodule/bridging (0.73.10):
    - DoubleConversion
    - fmt (= 9.1.0)
    - glog
    - RCT-Folly (= 2022.05.16.00)
    - React-callinvoker (= 0.73.10)
    - React-cxxreact (= 0.73.10)
    - React-jsi (= 0.73.10)
    - React-logger (= 0.73.10)
    - React-perflogger (= 0.73.10)
  - ReactCommon/turbomodule/core (0.73.10):
    - DoubleConversion
    - fmt (= 9.1.0)
    - glog
    - RCT-Folly (= 2022.05.16.00)
    - React-callinvoker (= 0.73.10)
    - React-cxxreact (= 0.73.10)
    - React-jsi (= 0.73.10)
    - React-logger (= 0.73.10)
    - React-perflogger (= 0.73.10)
  - RNSVG (15.1.0):
    - React-Core
  - SocketRocket (0.7.0.1)
  - Yoga (1.14.0)

DEPENDENCIES:
  - "boost (from `../node_modules/@callstack/react-native-visionos/third-party-podspecs/boost.podspec`)"
  - "DoubleConversion (from `../node_modules/@callstack/react-native-visionos/third-party-podspecs/DoubleConversion.podspec`)"
  - "FBLazyVector (from `../node_modules/@callstack/react-native-visionos/Libraries/FBLazyVector`)"
  - "FBReactNativeSpec (from `../node_modules/@callstack/react-native-visionos/React/FBReactNativeSpec`)"
  - "fmt (from `../node_modules/@callstack/react-native-visionos/third-party-podspecs/fmt.podspec`)"
  - "glog (from `../node_modules/@callstack/react-native-visionos/third-party-podspecs/glog.podspec`)"
  - "libevent (from `../node_modules/@callstack/react-native-visionos/third-party-podspecs/libevent.podspec`)"
  - "RCT-Folly (from `../node_modules/@callstack/react-native-visionos/third-party-podspecs/RCT-Folly.podspec`)"
  - "RCT-Folly/Fabric (from `../node_modules/@callstack/react-native-visionos/third-party-podspecs/RCT-Folly.podspec`)"
  - "RCTRequired (from `../node_modules/@callstack/react-native-visionos/Libraries/RCTRequired`)"
  - "RCTTypeSafety (from `../node_modules/@callstack/react-native-visionos/Libraries/TypeSafety`)"
  - "React (from `../node_modules/@callstack/react-native-visionos/`)"
  - "React-callinvoker (from `../node_modules/@callstack/react-native-visionos/ReactCommon/callinvoker`)"
  - React-Codegen (from `build/generated/ios`)
  - "React-Core (from `../node_modules/@callstack/react-native-visionos/`)"
  - "React-Core/RCTWebSocket (from `../node_modules/@callstack/react-native-visionos/`)"
  - "React-CoreModules (from `../node_modules/@callstack/react-native-visionos/React/CoreModules`)"
  - "React-cxxreact (from `../node_modules/@callstack/react-native-visionos/ReactCommon/cxxreact`)"
  - "React-debug (from `../node_modules/@callstack/react-native-visionos/ReactCommon/react/debug`)"
  - "React-Fabric (from `../node_modules/@callstack/react-native-visionos/ReactCommon`)"
  - "React-FabricImage (from `../node_modules/@callstack/react-native-visionos/ReactCommon`)"
  - "React-graphics (from `../node_modules/@callstack/react-native-visionos/ReactCommon/react/renderer/graphics`)"
  - "React-ImageManager (from `../node_modules/@callstack/react-native-visionos/ReactCommon/react/renderer/imagemanager/platform/ios`)"
  - "React-jsc (from `../node_modules/@callstack/react-native-visionos/ReactCommon/jsc`)"
  - "React-jserrorhandler (from `../node_modules/@callstack/react-native-visionos/ReactCommon/jserrorhandler`)"
  - "React-jsi (from `../node_modules/@callstack/react-native-visionos/ReactCommon/jsi`)"
  - "React-jsiexecutor (from `../node_modules/@callstack/react-native-visionos/ReactCommon/jsiexecutor`)"
  - "React-jsinspector (from `../node_modules/@callstack/react-native-visionos/ReactCommon/jsinspector-modern`)"
  - "React-logger (from `../node_modules/@callstack/react-native-visionos/ReactCommon/logger`)"
  - "React-Mapbuffer (from `../node_modules/@callstack/react-native-visionos/ReactCommon`)"
  - react-native-unistyles (from `../../..`)
  - "React-nativeconfig (from `../node_modules/@callstack/react-native-visionos/ReactCommon`)"
  - "React-NativeModulesApple (from `../node_modules/@callstack/react-native-visionos/ReactCommon/react/nativemodule/core/platform/ios`)"
  - "React-perflogger (from `../node_modules/@callstack/react-native-visionos/ReactCommon/reactperflogger`)"
  - "React-RCTActionSheet (from `../node_modules/@callstack/react-native-visionos/Libraries/ActionSheetIOS`)"
  - "React-RCTAnimation (from `../node_modules/@callstack/react-native-visionos/Libraries/NativeAnimation`)"
  - "React-RCTAppDelegate (from `../node_modules/@callstack/react-native-visionos/Libraries/AppDelegate`)"
  - "React-RCTBlob (from `../node_modules/@callstack/react-native-visionos/Libraries/Blob`)"
  - "React-RCTFabric (from `../node_modules/@callstack/react-native-visionos/React`)"
  - "React-RCTImage (from `../node_modules/@callstack/react-native-visionos/Libraries/Image`)"
  - "React-RCTLinking (from `../node_modules/@callstack/react-native-visionos/Libraries/LinkingIOS`)"
  - "React-RCTNetwork (from `../node_modules/@callstack/react-native-visionos/Libraries/Network`)"
  - "React-RCTSettings (from `../node_modules/@callstack/react-native-visionos/Libraries/Settings`)"
  - "React-RCTSwiftExtensions (from `../node_modules/@callstack/react-native-visionos/Libraries/SwiftExtensions`)"
  - "React-RCTText (from `../node_modules/@callstack/react-native-visionos/Libraries/Text`)"
  - "React-RCTVibration (from `../node_modules/@callstack/react-native-visionos/Libraries/Vibration`)"
  - "React-RCTWindowManager (from `../node_modules/@callstack/react-native-visionos/Libraries/WindowManager`)"
  - "React-RCTXR (from `../node_modules/@callstack/react-native-visionos/Libraries/XR`)"
  - "React-rendererdebug (from `../node_modules/@callstack/react-native-visionos/ReactCommon/react/renderer/debug`)"
  - "React-rncore (from `../node_modules/@callstack/react-native-visionos/ReactCommon`)"
  - "React-runtimeexecutor (from `../node_modules/@callstack/react-native-visionos/ReactCommon/runtimeexecutor`)"
  - "React-runtimescheduler (from `../node_modules/@callstack/react-native-visionos/ReactCommon/react/renderer/runtimescheduler`)"
  - "React-utils (from `../node_modules/@callstack/react-native-visionos/ReactCommon/react/utils`)"
  - "ReactCommon/turbomodule/core (from `../node_modules/@callstack/react-native-visionos/ReactCommon`)"
  - RNSVG (from `../node_modules/react-native-svg`)
  - "SocketRocket (from `../node_modules/@callstack/react-native-visionos/third-party-podspecs/SocketRocket.podspec`)"
  - "Yoga (from `../node_modules/@callstack/react-native-visionos/ReactCommon/yoga`)"

EXTERNAL SOURCES:
  boost:
    :podspec: "../node_modules/@callstack/react-native-visionos/third-party-podspecs/boost.podspec"
  DoubleConversion:
    :podspec: "../node_modules/@callstack/react-native-visionos/third-party-podspecs/DoubleConversion.podspec"
  FBLazyVector:
    :path: "../node_modules/@callstack/react-native-visionos/Libraries/FBLazyVector"
  FBReactNativeSpec:
    :path: "../node_modules/@callstack/react-native-visionos/React/FBReactNativeSpec"
  fmt:
    :podspec: "../node_modules/@callstack/react-native-visionos/third-party-podspecs/fmt.podspec"
  glog:
    :podspec: "../node_modules/@callstack/react-native-visionos/third-party-podspecs/glog.podspec"
  libevent:
    :podspec: "../node_modules/@callstack/react-native-visionos/third-party-podspecs/libevent.podspec"
  RCT-Folly:
    :podspec: "../node_modules/@callstack/react-native-visionos/third-party-podspecs/RCT-Folly.podspec"
  RCTRequired:
    :path: "../node_modules/@callstack/react-native-visionos/Libraries/RCTRequired"
  RCTTypeSafety:
    :path: "../node_modules/@callstack/react-native-visionos/Libraries/TypeSafety"
  React:
    :path: "../node_modules/@callstack/react-native-visionos/"
  React-callinvoker:
    :path: "../node_modules/@callstack/react-native-visionos/ReactCommon/callinvoker"
  React-Codegen:
    :path: build/generated/ios
  React-Core:
    :path: "../node_modules/@callstack/react-native-visionos/"
  React-CoreModules:
    :path: "../node_modules/@callstack/react-native-visionos/React/CoreModules"
  React-cxxreact:
    :path: "../node_modules/@callstack/react-native-visionos/ReactCommon/cxxreact"
  React-debug:
    :path: "../node_modules/@callstack/react-native-visionos/ReactCommon/react/debug"
  React-Fabric:
    :path: "../node_modules/@callstack/react-native-visionos/ReactCommon"
  React-FabricImage:
    :path: "../node_modules/@callstack/react-native-visionos/ReactCommon"
  React-graphics:
    :path: "../node_modules/@callstack/react-native-visionos/ReactCommon/react/renderer/graphics"
  React-ImageManager:
    :path: "../node_modules/@callstack/react-native-visionos/ReactCommon/react/renderer/imagemanager/platform/ios"
  React-jsc:
    :path: "../node_modules/@callstack/react-native-visionos/ReactCommon/jsc"
  React-jserrorhandler:
    :path: "../node_modules/@callstack/react-native-visionos/ReactCommon/jserrorhandler"
  React-jsi:
    :path: "../node_modules/@callstack/react-native-visionos/ReactCommon/jsi"
  React-jsiexecutor:
    :path: "../node_modules/@callstack/react-native-visionos/ReactCommon/jsiexecutor"
  React-jsinspector:
    :path: "../node_modules/@callstack/react-native-visionos/ReactCommon/jsinspector-modern"
  React-logger:
    :path: "../node_modules/@callstack/react-native-visionos/ReactCommon/logger"
  React-Mapbuffer:
    :path: "../node_modules/@callstack/react-native-visionos/ReactCommon"
  react-native-unistyles:
    :path: "../../.."
  React-nativeconfig:
    :path: "../node_modules/@callstack/react-native-visionos/ReactCommon"
  React-NativeModulesApple:
    :path: "../node_modules/@callstack/react-native-visionos/ReactCommon/react/nativemodule/core/platform/ios"
  React-perflogger:
    :path: "../node_modules/@callstack/react-native-visionos/ReactCommon/reactperflogger"
  React-RCTActionSheet:
    :path: "../node_modules/@callstack/react-native-visionos/Libraries/ActionSheetIOS"
  React-RCTAnimation:
    :path: "../node_modules/@callstack/react-native-visionos/Libraries/NativeAnimation"
  React-RCTAppDelegate:
    :path: "../node_modules/@callstack/react-native-visionos/Libraries/AppDelegate"
  React-RCTBlob:
    :path: "../node_modules/@callstack/react-native-visionos/Libraries/Blob"
  React-RCTFabric:
    :path: "../node_modules/@callstack/react-native-visionos/React"
  React-RCTImage:
    :path: "../node_modules/@callstack/react-native-visionos/Libraries/Image"
  React-RCTLinking:
    :path: "../node_modules/@callstack/react-native-visionos/Libraries/LinkingIOS"
  React-RCTNetwork:
    :path: "../node_modules/@callstack/react-native-visionos/Libraries/Network"
  React-RCTSettings:
    :path: "../node_modules/@callstack/react-native-visionos/Libraries/Settings"
  React-RCTSwiftExtensions:
    :path: "../node_modules/@callstack/react-native-visionos/Libraries/SwiftExtensions"
  React-RCTText:
    :path: "../node_modules/@callstack/react-native-visionos/Libraries/Text"
  React-RCTVibration:
    :path: "../node_modules/@callstack/react-native-visionos/Libraries/Vibration"
  React-RCTWindowManager:
    :path: "../node_modules/@callstack/react-native-visionos/Libraries/WindowManager"
  React-RCTXR:
    :path: "../node_modules/@callstack/react-native-visionos/Libraries/XR"
  React-rendererdebug:
    :path: "../node_modules/@callstack/react-native-visionos/ReactCommon/react/renderer/debug"
  React-rncore:
    :path: "../node_modules/@callstack/react-native-visionos/ReactCommon"
  React-runtimeexecutor:
    :path: "../node_modules/@callstack/react-native-visionos/ReactCommon/runtimeexecutor"
  React-runtimescheduler:
    :path: "../node_modules/@callstack/react-native-visionos/ReactCommon/react/renderer/runtimescheduler"
  React-utils:
    :path: "../node_modules/@callstack/react-native-visionos/ReactCommon/react/utils"
  ReactCommon:
    :path: "../node_modules/@callstack/react-native-visionos/ReactCommon"
  RNSVG:
    :path: "../node_modules/react-native-svg"
  SocketRocket:
    :podspec: "../node_modules/@callstack/react-native-visionos/third-party-podspecs/SocketRocket.podspec"
  Yoga:
    :path: "../node_modules/@callstack/react-native-visionos/ReactCommon/yoga"

SPEC CHECKSUMS:
  boost: 8f1e9b214fa11f71081fc8ecd5fad3daf221cf7f
  DoubleConversion: 71bf0761505a44e4dfddc0aa04afa049fdfb63b5
  FBLazyVector: f7d5b5bb2e0394085d20a4e8841d385bae13446d
  FBReactNativeSpec: e6cdc566c333aba42103d4e00f9e30b46c018a75
  fmt: 5d9ffa7ccba126c08b730252123601d514652320
  glog: 4f05d17aa39a829fee878689fc9a41af587fabba
  libevent: a29e03f67aa3a1c501656baccbff6071a8b40a00
  RCT-Folly: 08b69b8ee3f4c5baf3a18a468b4d5a56276435fa
  RCTRequired: bdb31bdd649586cfaba1f5beb3655820dcb443b3
  RCTTypeSafety: 2b3b965988769d7ef28837104b4b5dc71f064d8b
  React: 9e3ad7c206d521ed84ddaa0ea945e29c28736947
  React-callinvoker: d475bdf04f798399e34ecdf22bc3b022114ec3bd
  React-Codegen: 7f78a48f66038b23f9068c7a34fc780e6d8e084e
  React-Core: b951bd35890ed1bdffb2e9b1317209737e50350e
  React-CoreModules: 8bf2f3113366133767b102610ded14eee02d98a5
  React-cxxreact: cc9eab5012e04689af545b18e0dc46f1059f963c
  React-debug: 56c0fa7263a607d84dc4556fd303870dacc3891f
  React-Fabric: 1a11a0e9e79198829b1a31d00a46c419a038cee6
  React-FabricImage: dfb67e448840a75bccecbbef81d6f5e19edceda9
  React-graphics: d63cd8e69db477a53357e1c8ebdb597985efab51
  React-ImageManager: 9f3359daff2c6ba226325562c2add03cfe3402a4
  React-jsc: 3b47c849804da36fd7dbb619ecac6e25c0e7fa1f
  React-jserrorhandler: 2cff99f7bbc361c5f7c005bcf858c8f79f70937f
  React-jsi: 850770352c82f207e9abfdf503f58c743e5062f1
  React-jsiexecutor: 55fb9e16baadafa145437cb9efbae4408ba81617
  React-jsinspector: d0270713e52b3797a62d01e3027573a18a20341f
  React-logger: b9d776e95e27d2466e720dd7de4115cfc47d412a
  React-Mapbuffer: 0c67d6e60225d91e20a27e65ae8f8391b740ecb6
  react-native-unistyles: ccd679ad3643e05f42ac7a8072a8a48a9f4c6edb
  React-nativeconfig: 5c702993ba5b4016d481edb6490b48217f11b6df
  React-NativeModulesApple: 69648222e318b949728a6f43b4d929603d618b8f
  React-perflogger: 27f9b7e9ad34a2abe2b0f5fae6e100b16604485c
  React-RCTActionSheet: 3f5cd90bdd5f5030a6140719429b20d4657f424a
  React-RCTAnimation: 0506b8044496307a7d701511840de4c6ce764281
  React-RCTAppDelegate: c76aef0003a691d7043a71910f79c77a2d70b068
  React-RCTBlob: c13d8cf5b77bbb17356c4d67f8f924de3a506594
  React-RCTFabric: fc91d1a3d9845c3110c18fd1cd54bbe74293792b
  React-RCTImage: 7eb8a325e24aa4365673e995aaec0c6bc5fa67a2
  React-RCTLinking: 02b4b258d0c08b12b4179eff375613311e17836c
  React-RCTNetwork: 2d1636dc8ce2db8da679529bbdefc6c00890a166
  React-RCTSettings: ea721e742405e7bf7067d701c2b9f557fa566991
  React-RCTSwiftExtensions: 4866ae023f497a8c7757b0a37c60f92f2f251e69
  React-RCTText: 9932caf8eede2b2f109b4c7cccd64d88b8c1afcc
  React-RCTVibration: 487c42a1e2eea2e179b8dcf4f945159d1de7f031
  React-RCTWindowManager: 5f32729a0dfe23ac7ae8de4a980b963a03d200f4
  React-RCTXR: 2a40178af221d1d9124fa41fb1447763ad7f3275
  React-rendererdebug: 476639a022ffe350a8c6e7a74f62e84468132d35
  React-rncore: e18cea72795999eacf93de675622bd3145430c0b
  React-runtimeexecutor: 2bc96c368146e5947ff79b84612d7fc1b6f25975
  React-runtimescheduler: 3f2a280b446060ac359d32175cf26402b7fd8de0
  React-utils: 940f007d5dad05ec028b873ebfed3bf6ec46c417
  ReactCommon: 0c2cdd6a193b8ce7c05105b66b881c41bf014308
  RNSVG: 50cf2c7018e57cf5d3522d98d0a3a4dd6bf9d093
  SocketRocket: 0ba3e799f983d2dfa878777017659ef6c866e5c6
  Yoga: a2d1866030ed66b042bdd302fe0541f5b107f3b6

PODFILE CHECKSUM: 77a9ee015132edc85e89ca062bc19be7a4df1a71

COCOAPODS: 1.15.2
